
Microsoft Visual Studio Solution File, Format Version 12.00
# Visual Studio 14
VisualStudioVersion = 14.0.25420.1
MinimumVisualStudioVersion = 10.0.40219.1
Project("{2150E333-8FDC-42A3-9474-1A3956D46DE8}") = "src", "src", "{BB244B60-2697-4D2B-8FBB-07920BBDE863}"
EndProject
Project("{2150E333-8FDC-42A3-9474-1A3956D46DE8}") = "Solution Items", "Solution Items", "{81AE4864-EB60-48C3-B2BC-8E1E78F6E058}"
	ProjectSection(SolutionItems) = preProject
		BeanIO.ruleset = BeanIO.ruleset
		GitVersion.yml = GitVersion.yml
		global.json = global.json
		GlobalAssemblyInfo.cs = GlobalAssemblyInfo.cs
		LICENSE = LICENSE
		README.md = README.md
		stylecop.json = stylecop.json
	EndProjectSection
EndProject
Project("{8BB2217D-0F2D-49D1-97BC-3654ED321F3B}") = "FubarDev.BeanIO", "src\FubarDev.BeanIO\FubarDev.BeanIO.xproj", "{F9872CE3-A82C-463E-B875-CE0F2729931C}"
EndProject
Project("{2150E333-8FDC-42A3-9474-1A3956D46DE8}") = "test", "test", "{E65ED37A-52A5-41A8-B7C9-B892C87AFB40}"
EndProject
Project("{8BB2217D-0F2D-49D1-97BC-3654ED321F3B}") = "FubarDev.BeanIO.Test", "test\FubarDev.BeanIO.Test\FubarDev.BeanIO.Test.xproj", "{DB027EC3-C3A6-4D6D-A701-66E7E94266C9}"
EndProject
Project("{2150E333-8FDC-42A3-9474-1A3956D46DE8}") = "Packaging", "Packaging", "{77610794-4C34-4838-8955-D48D0A2B505F}"
	ProjectSection(SolutionItems) = preProject
		packaging\FubarDev.BeanIO.nuspec = packaging\FubarDev.BeanIO.nuspec
		packaging\FubarDev.BeanIO.targets = packaging\FubarDev.BeanIO.targets
	EndProjectSection
EndProject
Global
	GlobalSection(SolutionConfigurationPlatforms) = preSolution
		Debug|Any CPU = Debug|Any CPU
		Release|Any CPU = Release|Any CPU
	EndGlobalSection
	GlobalSection(ProjectConfigurationPlatforms) = postSolution
		{F9872CE3-A82C-463E-B875-CE0F2729931C}.Debug|Any CPU.ActiveCfg = Debug|Any CPU
		{F9872CE3-A82C-463E-B875-CE0F2729931C}.Debug|Any CPU.Build.0 = Debug|Any CPU
		{F9872CE3-A82C-463E-B875-CE0F2729931C}.Release|Any CPU.ActiveCfg = Release|Any CPU
		{F9872CE3-A82C-463E-B875-CE0F2729931C}.Release|Any CPU.Build.0 = Release|Any CPU
		{DB027EC3-C3A6-4D6D-A701-66E7E94266C9}.Debug|Any CPU.ActiveCfg = Debug|Any CPU
		{DB027EC3-C3A6-4D6D-A701-66E7E94266C9}.Debug|Any CPU.Build.0 = Debug|Any CPU
		{DB027EC3-C3A6-4D6D-A701-66E7E94266C9}.Release|Any CPU.ActiveCfg = Release|Any CPU
		{DB027EC3-C3A6-4D6D-A701-66E7E94266C9}.Release|Any CPU.Build.0 = Release|Any CPU
	EndGlobalSection
	GlobalSection(SolutionProperties) = preSolution
		HideSolutionNode = FALSE
	EndGlobalSection
	GlobalSection(NestedProjects) = preSolution
		{F9872CE3-A82C-463E-B875-CE0F2729931C} = {BB244B60-2697-4D2B-8FBB-07920BBDE863}
		{DB027EC3-C3A6-4D6D-A701-66E7E94266C9} = {E65ED37A-52A5-41A8-B7C9-B892C87AFB40}
	EndGlobalSection
EndGlobal
