
Microsoft Visual Studio Solution File, Format Version 12.00
# Visual Studio 15
VisualStudioVersion = 15.0.26424.2
MinimumVisualStudioVersion = 10.0.40219.1
Project("{2150E333-8FDC-42A3-9474-1A3956D46DE8}") = "src", "src", "{BB244B60-2697-4D2B-8FBB-07920BBDE863}"
EndProject
Project("{2150E333-8FDC-42A3-9474-1A3956D46DE8}") = "Solution Items", "Solution Items", "{81AE4864-EB60-48C3-B2BC-8E1E78F6E058}"
	ProjectSection(SolutionItems) = preProject
		BeanIO.ruleset = BeanIO.ruleset
		GitVersion.yml = GitVersion.yml
		global.json = global.json
		GlobalAssemblyInfo.cs = GlobalAssemblyInfo.cs
		LICENSE = LICENSE
		README.md = README.md
		stylecop.json = stylecop.json
	EndProjectSection
EndProject
Project("{2150E333-8FDC-42A3-9474-1A3956D46DE8}") = "test", "test", "{E65ED37A-52A5-41A8-B7C9-B892C87AFB40}"
EndProject
Project("{2150E333-8FDC-42A3-9474-1A3956D46DE8}") = "Packaging", "Packaging", "{77610794-4C34-4838-8955-D48D0A2B505F}"
	ProjectSection(SolutionItems) = preProject
		packaging\FubarDev.BeanIO.nuspec = packaging\FubarDev.BeanIO.nuspec
		packaging\FubarDev.BeanIO.targets = packaging\FubarDev.BeanIO.targets
		packaging\NuGet.exe = packaging\NuGet.exe
		pack-nuget.ps1 = pack-nuget.ps1
	EndProjectSection
EndProject
Project("{9A19103F-16F7-4668-BE54-9A1E7A4F7556}") = "FubarDev.BeanIO", "src\FubarDev.BeanIO\FubarDev.BeanIO.csproj", "{7AA81D28-6037-4C1F-A183-4CA9CED480BF}"
EndProject
Project("{9A19103F-16F7-4668-BE54-9A1E7A4F7556}") = "FubarDev.BeanIO.Test", "test\FubarDev.BeanIO.Test\FubarDev.BeanIO.Test.csproj", "{5D337D32-6B4A-423D-8C4D-A76FAF01BB61}"
EndProject
Global
	GlobalSection(SolutionConfigurationPlatforms) = preSolution
		Debug|Any CPU = Debug|Any CPU
		Release|Any CPU = Release|Any CPU
	EndGlobalSection
	GlobalSection(ProjectConfigurationPlatforms) = postSolution
		{7AA81D28-6037-4C1F-A183-4CA9CED480BF}.Debug|Any CPU.ActiveCfg = Debug|Any CPU
		{7AA81D28-6037-4C1F-A183-4CA9CED480BF}.Debug|Any CPU.Build.0 = Debug|Any CPU
		{7AA81D28-6037-4C1F-A183-4CA9CED480BF}.Release|Any CPU.ActiveCfg = Release|Any CPU
		{7AA81D28-6037-4C1F-A183-4CA9CED480BF}.Release|Any CPU.Build.0 = Release|Any CPU
		{5D337D32-6B4A-423D-8C4D-A76FAF01BB61}.Debug|Any CPU.ActiveCfg = Debug|Any CPU
		{5D337D32-6B4A-423D-8C4D-A76FAF01BB61}.Debug|Any CPU.Build.0 = Debug|Any CPU
		{5D337D32-6B4A-423D-8C4D-A76FAF01BB61}.Release|Any CPU.ActiveCfg = Release|Any CPU
		{5D337D32-6B4A-423D-8C4D-A76FAF01BB61}.Release|Any CPU.Build.0 = Release|Any CPU
	EndGlobalSection
	GlobalSection(SolutionProperties) = preSolution
		HideSolutionNode = FALSE
	EndGlobalSection
	GlobalSection(NestedProjects) = preSolution
		{7AA81D28-6037-4C1F-A183-4CA9CED480BF} = {BB244B60-2697-4D2B-8FBB-07920BBDE863}
		{5D337D32-6B4A-423D-8C4D-A76FAF01BB61} = {E65ED37A-52A5-41A8-B7C9-B892C87AFB40}
	EndGlobalSection
EndGlobal
